lockfileVersion: '9.0'

settings:
  autoInstallPeers: true
  excludeLinksFromLockfile: false

importers:

  .:
    devDependencies:
      '@biomejs/biome':
        specifier: 2.5.7
        version: 2.5.7
      '@upstash/ratelimit':
        specifier: latest
        version: 2.0.8(@upstash/redis@1.38.2)
      '@upstash/realtime':
        specifier: 1.1.0
        version: 1.1.0(@upstash/redis@1.38.2)(zod@4.4.3)
      '@upstash/redis':
        specifier: latest
        version: 1.38.2
      ioredis:
        specifier: ^6.0.0
        version: 6.0.0
      undici:
        specifier: ^8.9.0
        version: 8.9.0

packages:

  '@biomejs/biome@2.5.7':
    resolution: {integrity: sha512-zr8K/DcY5tYsQOQwqMJ0AWElo6QgmgNI7idXgXLhevVszlt8RGVpesEJPqx3ThazLaOwjJ5Y8fz3BtH5fGZNsw==}
    engines: {node: '>=14.21.3'}
    hasBin: true

  '@biomejs/cli-darwin-arm64@2.5.7':
    resolution: {integrity: sha512-vxo/Ls3/PYdQWyLhYYcgMOCzQypAjcY+iihS8M0wW03l16TCLW4zqZzGo75gm1VdCMj38hTVZ31KBWrZ4G9dJw==}
    engines: {node: '>=14.21.3'}
    cpu: [arm64]
    os: [darwin]

  '@biomejs/cli-darwin-x64@2.5.7':
    resolution: {integrity: sha512-Cd3Ga61amT/Yl/0x8elP5hhGYaFy4bw6WuysTgf7oo8TA5tJ5A1k+DkVoJ2BHbTVil51gTX9VPzArnrlLJ3Kyg==}
    engines: {node: '>=14.21.3'}
    cpu: [x64]
    os: [darwin]

  '@biomejs/cli-linux-arm64-musl@2.5.7':
    resolution: {integrity: sha512-xPI5yB6XlpDbNkS+bm1t42olw5c4l3UrlOmLg7KtLJvjvkNF/1V4tnUgfkylGIeb3u/T+BzMGYqgQhzjAoJzuQ==}
    engines: {node: '>=14.21.3'}
    cpu: [arm64]
    os: [linux]
    libc: [musl]

  '@biomejs/cli-linux-arm64@2.5.7':
    resolution: {integrity: sha512-rR2QE0yF2GYSuYuKIa7pKvODGJqnOH+2eDREAM8wV+mWKSkMQKdAp4zXEZfTaxY8PMoNONnpgSWcBCyLDPDOKg==}
    engines: {node: '>=14.21.3'}
    cpu: [arm64]
    os: [linux]
    libc: [glibc]

  '@biomejs/cli-linux-x64-musl@2.5.7':
    resolution: {integrity: sha512-rE5VZi+qtmPgQH+l7jVxYoZ18b/TiHEhulhMpjmCZH1PltSbjRcxNWywC3HZ9tYottG7ORkeTtoscBilKSBm0g==}
    engines: {node: '>=14.21.3'}
    cpu: [x64]
    os: [linux]
    libc: [musl]

  '@biomejs/cli-linux-x64@2.5.7':
    resolution: {integrity: sha512-FQgqJhscrqJUFptGaRSUJWlXAExwWcDwLuK49dvKfkQ1bB5SEEyFssnsxQY83Xm6jR0EbbX3+8+D5bfvYqUG2Q==}
    engines: {node: '>=14.21.3'}
    cpu: [x64]
    os: [linux]
    libc: [glibc]

  '@biomejs/cli-win32-arm64@2.5.7':
    resolution: {integrity: sha512-Oq4x0CCwP4jirrcTywXs5kOGZ4v5vuEP+gWrbtjApOA2CL9F3F9GlIdQIci8AKSCa/zURanMRpX/4wQ7Am6hHg==}
    engines: {node: '>=14.21.3'}
    cpu: [arm64]
    os: [win32]

  '@biomejs/cli-win32-x64@2.5.7':
    resolution: {integrity: sha512-V+0wu/nrj2S+MhP4EQ0uHNolP0IALEsz45pg0WoKkHfDeh0+ItHwP/p7bX5RPoMOl9NkpHYWdYPhIcy2mACHvQ==}
    engines: {node: '>=14.21.3'}
    cpu: [x64]
    os: [win32]

  '@ioredis/commands@2.0.0':
    resolution: {integrity: sha512-vrx0AE/T0h7cRZwfo1M39Cr+ZhZrkf0V8mQN75wucKCxCLD9l/VX6no3gFvrLqD1IlG/1LtzWovqEw3t0Vr9zg==}

  '@upstash/core-analytics@0.0.10':
    resolution: {integrity: sha512-7qJHGxpQgQr9/vmeS1PktEwvNAF7TI4iJDi8Pu2CFZ9YUGHZH4fOP5TfYlZ4aVxfopnELiE4BS4FBjyK7V1/xQ==}
    engines: {node: '>=16.0.0'}

  '@upstash/ratelimit@2.0.8':
    resolution: {integrity: sha512-YSTMBJ1YIxsoPkUMX/P4DDks/xV5YYCswWMamU8ZIfK9ly6ppjRnVOyBhMDXBmzjODm4UQKcxsJPvaeFAijp5w==}
    peerDependencies:
      '@upstash/redis': ^1.34.3

  '@upstash/realtime@1.1.0':
    resolution: {integrity: sha512-UbV946T0rR8iBPNCkhrLMDmyJYgcQxHueu5RW5nsyNzFAAAOxBJWVRRW+bO77LON4bQuRrb3/Xx1WAkGf7sESw==}
    peerDependencies:
      '@upstash/redis': '>=1.35.4'
      react: '>=16.8.0'
      react-dom: '>=16.8.0'
      zod: ^3.25.0 || ^4.0.0
    peerDependenciesMeta:
      react:
        optional: true
      react-dom:
        optional: true

  '@upstash/redis@1.38.2':
    resolution: {integrity: sha512-RZ+JaRCVIS+ZTGnjOnDMr+/0aqDxsBb5rV6aW+Pys4SGELwr5lwE3UbLHRCHqMQ5Ulxj0b/CFBHfbmE175Otog==}

  cluster-key-slot@1.1.1:
    resolution: {integrity: sha512-rwHwUfXL40Chm1r08yrhU3qpUvdVlgkKNeyeGPOxnW8/SyVDvgRaed/Uz54AqWNaTCAThlj6QAs3TZcKI0xDEw==}
    engines: {node: '>=0.10.0'}

  debug@4.4.3:
    resolution: {integrity: sha512-RGwwWnwQvkVfavKVt22FGLw+xYSdzARwm0ru6DhTVA3umU5hZc28V3kO4stgYryrTlLpuvgI9GiijltAjNbcqA==}
    engines: {node: '>=6.0'}
    peerDependencies:
      supports-color: '*'
    peerDependenciesMeta:
      supports-color:
        optional: true

  denque@2.1.0:
    resolution: {integrity: sha512-HVQE3AAb/pxF8fQAoiqpvg9i3evqug3hoiwakOyZAwJm+6vZehbkYXZ0l4JxS+I3QxM97v5aaRNhj8v5oBhekw==}
    engines: {node: '>=0.10'}

  ioredis@6.0.0:
    resolution: {integrity: sha512-f+Dtubxfpf6KYFq7WVXJoOLn0bk4TJrMrN9SzeE+jrWrCWj7XX3fA6vkryafhADX+GMymRxgDJDOI33COkJc0w==}
    engines: {node: '>=20.0.0'}

  ms@2.1.3:
    resolution: {integrity: sha512-6FlzubTLZG3J2a/NVCAleEhjzq5oxgHyaCU9yYXvcLsvoVaHJq/s5xXI6/XXP6tz7R9xAOtHnSO/tXtF3WRTlA==}

  redis-errors@1.2.0:
    resolution: {integrity: sha512-1qny3OExCf0UvUV/5wpYKf2YwPcOqXzkwKKSmKHiE6ZMQs5heeE/c8eXK+PNllPvmjgAbfnsbpkGZWy8cBpn9w==}
    engines: {node: '>=4'}

  standard-as-callback@2.1.0:
    resolution: {integrity: sha512-qoRRSyROncaz1z0mvYqIE4lCd9p2R90i6GxW3uZv5ucSu8tU7B5HXUP1gG8pVZsYNVaXjk8ClXHPttLyxAL48A==}

  uncrypto@0.1.3:
    resolution: {integrity: sha512-Ql87qFHB3s/De2ClA9e0gsnS6zXG27SkTiSJwjCc9MebbfapQfuPzumMIUMi38ezPZVNFcHI9sUIepeQfw8J8Q==}

  undici@8.9.0:
    resolution: {integrity: sha512-aWZpUj7XoGonMClx4gdDRfgBjqeA+F473aDmROQQbM9n6PRfK/u1q/a0X4wMTgcHfT8H6fpbt98PFuDUwFg2YA==}
    engines: {node: '>=22.19.0'}

  zod@4.4.3:
    resolution: {integrity: sha512-ytENFjIJFl2UwYglde2jchW2Hwm4GJFLDiSXWdTrJQBIN9Fcyp7n4DhxJEiWNAJMV1/BqWfW/kkg71UDcHJyTQ==}

snapshots:

  '@biomejs/biome@2.5.7':
    optionalDependencies:
      '@biomejs/cli-darwin-arm64': 2.5.7
      '@biomejs/cli-darwin-x64': 2.5.7
      '@biomejs/cli-linux-arm64': 2.5.7
      '@biomejs/cli-linux-arm64-musl': 2.5.7
      '@biomejs/cli-linux-x64': 2.5.7
      '@biomejs/cli-linux-x64-musl': 2.5.7
      '@biomejs/cli-win32-arm64': 2.5.7
      '@biomejs/cli-win32-x64': 2.5.7

  '@biomejs/cli-darwin-arm64@2.5.7':
    optional: true

  '@biomejs/cli-darwin-x64@2.5.7':
    optional: true

  '@biomejs/cli-linux-arm64-musl@2.5.7':
    optional: true

  '@biomejs/cli-linux-arm64@2.5.7':
    optional: true

  '@biomejs/cli-linux-x64-musl@2.5.7':
    optional: true

  '@biomejs/cli-linux-x64@2.5.7':
    optional: true

  '@biomejs/cli-win32-arm64@2.5.7':
    optional: true

  '@biomejs/cli-win32-x64@2.5.7':
    optional: true

  '@ioredis/commands@2.0.0': {}

  '@upstash/core-analytics@0.0.10':
    dependencies:
      '@upstash/redis': 1.38.2

  '@upstash/ratelimit@2.0.8(@upstash/redis@1.38.2)':
    dependencies:
      '@upstash/core-analytics': 0.0.10
      '@upstash/redis': 1.38.2

  '@upstash/realtime@1.1.0(@upstash/redis@1.38.2)(zod@4.4.3)':
    dependencies:
      '@upstash/redis': 1.38.2
      zod: 4.4.3

  '@upstash/redis@1.38.2':
    dependencies:
      uncrypto: 0.1.3

  cluster-key-slot@1.1.1: {}

  debug@4.4.3:
    dependencies:
      ms: 2.1.3

  denque@2.1.0: {}

  ioredis@6.0.0:
    dependencies:
      '@ioredis/commands': 2.0.0
      cluster-key-slot: 1.1.1
      debug: 4.4.3
      denque: 2.1.0
      redis-errors: 1.2.0
      standard-as-callback: 2.1.0
    transitivePeerDependencies:
      - supports-color

  ms@2.1.3: {}

  redis-errors@1.2.0: {}

  standard-as-callback@2.1.0: {}

  uncrypto@0.1.3: {}

  undici@8.9.0: {}

  zod@4.4.3: {}
